
Microsoft Visual Studio Solution File, Format Version 12.00
# Visual Studio Version 16
VisualStudioVersion = 16.0.31402.337
MinimumVisualStudioVersion = 10.0.40219.1
Project("{FAE04EC0-301F-11D3-BF4B-00C04F79EFBC}") = "ExploreBD", "ExploreBD.csproj", "{FDC14E0C-A674-4ABA-8226-49447F847821}"
EndProject
Project("{FAE04EC0-301F-11D3-BF4B-00C04F79EFBC}") = "MVCwithADO2", "..\MVCwithADO2\MVCwithADO2.csproj", "{6B135EFF-9B6E-440F-B84B-A3CD85548218}"
EndProject
Project("{FAE04EC0-301F-11D3-BF4B-00C04F79EFBC}") = "DropDownListMVC", "..\..\June16\DropDownListMVC\DropDownListMVC.csproj", "{53E83B06-02EB-4C1B-A5A9-9688F434F2AF}"
EndProject
Global
	GlobalSection(SolutionConfigurationPlatforms) = preSolution
		Debug|Any CPU = Debug|Any CPU
		Release|Any CPU = Release|Any CPU
	EndGlobalSection
	GlobalSection(ProjectConfigurationPlatforms) = postSolution
		{FDC14E0C-A674-4ABA-8226-49447F847821}.Debug|Any CPU.ActiveCfg = Debug|Any CPU
		{FDC14E0C-A674-4ABA-8226-49447F847821}.Debug|Any CPU.Build.0 = Debug|Any CPU
		{FDC14E0C-A674-4ABA-8226-49447F847821}.Release|Any CPU.ActiveCfg = Release|Any CPU
		{FDC14E0C-A674-4ABA-8226-49447F847821}.Release|Any CPU.Build.0 = Release|Any CPU
		{6B135EFF-9B6E-440F-B84B-A3CD85548218}.Debug|Any CPU.ActiveCfg = Debug|Any CPU
		{6B135EFF-9B6E-440F-B84B-A3CD85548218}.Debug|Any CPU.Build.0 = Debug|Any CPU
		{6B135EFF-9B6E-440F-B84B-A3CD85548218}.Release|Any CPU.ActiveCfg = Release|Any CPU
		{6B135EFF-9B6E-440F-B84B-A3CD85548218}.Release|Any CPU.Build.0 = Release|Any CPU
		{53E83B06-02EB-4C1B-A5A9-9688F434F2AF}.Debug|Any CPU.ActiveCfg = Debug|Any CPU
		{53E83B06-02EB-4C1B-A5A9-9688F434F2AF}.Debug|Any CPU.Build.0 = Debug|Any CPU
		{53E83B06-02EB-4C1B-A5A9-9688F434F2AF}.Release|Any CPU.ActiveCfg = Release|Any CPU
		{53E83B06-02EB-4C1B-A5A9-9688F434F2AF}.Release|Any CPU.Build.0 = Release|Any CPU
	EndGlobalSection
	GlobalSection(SolutionProperties) = preSolution
		HideSolutionNode = FALSE
	EndGlobalSection
	GlobalSection(ExtensibilityGlobals) = postSolution
		SolutionGuid = {A2BE238E-AA53-45F4-9C2B-C868A58D4953}
	EndGlobalSection
EndGlobal
